// !$*UTF8*$!
{
	archiveVersion = 1;
	classes = {
	};
	objectVersion = 46;
	objects = {

/* Begin PBXBuildFile section */
		A923EDB1167A0D0800709A25 /* UIKit.framework in Frameworks */ = {isa = PBXBuildFile; fileRef = A923EDB0167A0D0800709A25 /* UIKit.framework */; };
		A923EDB3167A0D0800709A25 /* Foundation.framework in Frameworks */ = {isa = PBXBuildFile; fileRef = A923EDB2167A0D0800709A25 /* Foundation.framework */; };
		A923EDB5167A0D0800709A25 /* CoreGraphics.framework in Frameworks */ = {isa = PBXBuildFile; fileRef = A923EDB4167A0D0800709A25 /* CoreGraphics.framework */; };
		A923EDBB167A0D0800709A25 /* InfoPlist.strings in Resources */ = {isa = PBXBuildFile; fileRef = A923EDB9167A0D0800709A25 /* InfoPlist.strings */; };
		A923EDBD167A0D0800709A25 /* main.m in Sources */ = {isa = PBXBuildFile; fileRef = A923EDBC167A0D0800709A25 /* main.m */; };
		A923EDC1167A0D0800709A25 /* AppDelegate.m in Sources */ = {isa = PBXBuildFile; fileRef = A923EDC0167A0D0800709A25 /* AppDelegate.m */; };
		A923EDC3167A0D0800709A25 /* Default.png in Resources */ = {isa = PBXBuildFile; fileRef = A923EDC2167A0D0800709A25 /* Default.png */; };
		A923EDC5167A0D0800709A25 /* Default@2x.png in Resources */ = {isa = PBXBuildFile; fileRef = A923EDC4167A0D0800709A25 /* Default@2x.png */; };
		A923EDC7167A0D0800709A25 /* Default-568h@2x.png in Resources */ = {isa = PBXBuildFile; fileRef = A923EDC6167A0D0800709A25 /* Default-568h@2x.png */; };
		A923EDE1167A0E3100709A25 /* libFWTPieChart.a in Frameworks */ = {isa = PBXBuildFile; fileRef = A923EDE0167A0E3100709A25 /* libFWTPieChart.a */; };
		A923EDE3167A0E3B00709A25 /* QuartzCore.framework in Frameworks */ = {isa = PBXBuildFile; fileRef = A923EDE2167A0E3B00709A25 /* QuartzCore.framework */; };
		A923EDEE167A0EAD00709A25 /* Appearance.m in Sources */ = {isa = PBXBuildFile; fileRef = A923EDE5167A0EAD00709A25 /* Appearance.m */; };
		A923EDEF167A0EAD00709A25 /* PieChartViewController.m in Sources */ = {isa = PBXBuildFile; fileRef = A923EDE7167A0EAD00709A25 /* PieChartViewController.m */; };
		A923EDF0167A0EAD00709A25 /* ProgressViewController.m in Sources */ = {isa = PBXBuildFile; fileRef = A923EDE9167A0EAD00709A25 /* ProgressViewController.m */; };
		A923EDF1167A0EAD00709A25 /* SamplePickerViewController.m in Sources */ = {isa = PBXBuildFile; fileRef = A923EDEB167A0EAD00709A25 /* SamplePickerViewController.m */; };
		A923EDF2167A0EAD00709A25 /* SingleViewController.m in Sources */ = {isa = PBXBuildFile; fileRef = A923EDED167A0EAD00709A25 /* SingleViewController.m */; };
		A9527BFF167B521900C24AD7 /* CustomPieChartView.m in Sources */ = {isa = PBXBuildFile; fileRef = A9527BFE167B521900C24AD7 /* CustomPieChartView.m */; };
/* End PBXBuildFile section */

/* Begin PBXFileReference section */
		A923EDAC167A0D0800709A25 /* FWTPieChart_Test.app */ = {isa = PBXFileReference; explicitFileType = wrapper.application; includeInIndex = 0; path = FWTPieChart_Test.app; sourceTree = BUILT_PRODUCTS_DIR; };
		A923EDB0167A0D0800709A25 /* UIKit.framework */ = {isa = PBXFileReference; lastKnownFileType = wrapper.framework; name = UIKit.framework; path = System/Library/Frameworks/UIKit.framework; sourceTree = SDKROOT; };
		A923EDB2167A0D0800709A25 /* Foundation.framework */ = {isa = PBXFileReference; lastKnownFileType = wrapper.framework; name = Foundation.framework; path = System/Library/Frameworks/Foundation.framework; sourceTree = SDKROOT; };
		A923EDB4167A0D0800709A25 /* CoreGraphics.framework */ = {isa = PBXFileReference; lastKnownFileType = wrapper.framework; name = CoreGraphics.framework; path = System/Library/Frameworks/CoreGraphics.framework; sourceTree = SDKROOT; };
		A923EDB8167A0D0800709A25 /* FWTPieChart_Test-Info.plist */ = {isa = PBXFileReference; lastKnownFileType = text.plist.xml; path = "FWTPieChart_Test-Info.plist"; sourceTree = "<group>"; };
		A923EDBA167A0D0800709A25 /* en */ = {isa = PBXFileReference; lastKnownFileType = text.plist.strings; name = en; path = en.lproj/InfoPlist.strings; sourceTree = "<group>"; };
		A923EDBC167A0D0800709A25 /* main.m */ = {isa = PBXFileReference; lastKnownFileType = sourcecode.c.objc; path = main.m; sourceTree = "<group>"; };
		A923EDBE167A0D0800709A25 /* FWTPieChart_Test-Prefix.pch */ = {isa = PBXFileReference; lastKnownFileType = sourcecode.c.h; path = "FWTPieChart_Test-Prefix.pch"; sourceTree = "<group>"; };
		A923EDBF167A0D0800709A25 /* AppDelegate.h */ = {isa = PBXFileReference; lastKnownFileType = sourcecode.c.h; path = AppDelegate.h; sourceTree = "<group>"; };
		A923EDC0167A0D0800709A25 /* AppDelegate.m */ = {isa = PBXFileReference; lastKnownFileType = sourcecode.c.objc; path = AppDelegate.m; sourceTree = "<group>"; };
		A923EDC2167A0D0800709A25 /* Default.png */ = {isa = PBXFileReference; lastKnownFileType = image.png; path = Default.png; sourceTree = "<group>"; };
		A923EDC4167A0D0800709A25 /* Default@2x.png */ = {isa = PBXFileReference; lastKnownFileType = image.png; path = "Default@2x.png"; sourceTree = "<group>"; };
		A923EDC6167A0D0800709A25 /* Default-568h@2x.png */ = {isa = PBXFileReference; lastKnownFileType = image.png; path = "Default-568h@2x.png"; sourceTree = "<group>"; };
		A923EDE0167A0E3100709A25 /* libFWTPieChart.a */ = {isa = PBXFileReference; lastKnownFileType = archive.ar; path = libFWTPieChart.a; sourceTree = BUILT_PRODUCTS_DIR; };
		A923EDE2167A0E3B00709A25 /* QuartzCore.framework */ = {isa = PBXFileReference; lastKnownFileType = wrapper.framework; name = QuartzCore.framework; path = System/Library/Frameworks/QuartzCore.framework; sourceTree = SDKROOT; };
		A923EDE4167A0EAD00709A25 /* Appearance.h */ = {isa = PBXFileReference; fileEncoding = 4; lastKnownFileType = sourcecode.c.h; path = Appearance.h; sourceTree = "<group>"; };
		A923EDE5167A0EAD00709A25 /* Appearance.m */ = {isa = PBXFileReference; fileEncoding = 4; lastKnownFileType = sourcecode.c.objc; path = Appearance.m; sourceTree = "<group>"; };
		A923EDE6167A0EAD00709A25 /* PieChartViewController.h */ = {isa = PBXFileReference; fileEncoding = 4; lastKnownFileType = sourcecode.c.h; path = PieChartViewController.h; sourceTree = "<group>"; };
		A923EDE7167A0EAD00709A25 /* PieChartViewController.m */ = {isa = PBXFileReference; fileEncoding = 4; lastKnownFileType = sourcecode.c.objc; path = PieChartViewController.m; sourceTree = "<group>"; };
		A923EDE8167A0EAD00709A25 /* ProgressViewController.h */ = {isa = PBXFileReference; fileEncoding = 4; lastKnownFileType = sourcecode.c.h; path = ProgressViewController.h; sourceTree = "<group>"; };
		A923EDE9167A0EAD00709A25 /* ProgressViewController.m */ = {isa = PBXFileReference; fileEncoding = 4; lastKnownFileType = sourcecode.c.objc; path = ProgressViewController.m; sourceTree = "<group>"; };
		A923EDEA167A0EAD00709A25 /* SamplePickerViewController.h */ = {isa = PBXFileReference; fileEncoding = 4; lastKnownFileType = sourcecode.c.h; path = SamplePickerViewController.h; sourceTree = "<group>"; };
		A923EDEB167A0EAD00709A25 /* SamplePickerViewController.m */ = {isa = PBXFileReference; fileEncoding = 4; lastKnownFileType = sourcecode.c.objc; path = SamplePickerViewController.m; sourceTree = "<group>"; };
		A923EDEC167A0EAD00709A25 /* SingleViewController.h */ = {isa = PBXFileReference; fileEncoding = 4; lastKnownFileType = sourcecode.c.h; path = SingleViewController.h; sourceTree = "<group>"; };
		A923EDED167A0EAD00709A25 /* SingleViewController.m */ = {isa = PBXFileReference; fileEncoding = 4; lastKnownFileType = sourcecode.c.objc; path = SingleViewController.m; sourceTree = "<group>"; };
		A9527BFD167B521900C24AD7 /* CustomPieChartView.h */ = {isa = PBXFileReference; fileEncoding = 4; lastKnownFileType = sourcecode.c.h; path = CustomPieChartView.h; sourceTree = "<group>"; };
		A9527BFE167B521900C24AD7 /* CustomPieChartView.m */ = {isa = PBXFileReference; fileEncoding = 4; lastKnownFileType = sourcecode.c.objc; path = CustomPieChartView.m; sourceTree = "<group>"; };
/* End PBXFileReference section */

/* Begin PBXFrameworksBuildPhase section */
		A923EDA9167A0D0800709A25 /* Frameworks */ = {
			isa = PBXFrameworksBuildPhase;
			buildActionMask = 2147483647;
			files = (
				A923EDE3167A0E3B00709A25 /* QuartzCore.framework in Frameworks */,
				A923EDE1167A0E3100709A25 /* libFWTPieChart.a in Frameworks */,
				A923EDB1167A0D0800709A25 /* UIKit.framework in Frameworks */,
				A923EDB3167A0D0800709A25 /* Foundation.framework in Frameworks */,
				A923EDB5167A0D0800709A25 /* CoreGraphics.framework in Frameworks */,
			);
			runOnlyForDeploymentPostprocessing = 0;
		};
/* End PBXFrameworksBuildPhase section */

/* Begin PBXGroup section */
		A923EDA1167A0D0800709A25 = {
			isa = PBXGroup;
			children = (
				A923EDB6167A0D0800709A25 /* FWTPieChart_Test */,
				A923EDAF167A0D0800709A25 /* Frameworks */,
				A923EDAD167A0D0800709A25 /* Products */,
			);
			sourceTree = "<group>";
		};
		A923EDAD167A0D0800709A25 /* Products */ = {
			isa = PBXGroup;
			children = (
				A923EDAC167A0D0800709A25 /* FWTPieChart_Test.app */,
			);
			name = Products;
			sourceTree = "<group>";
		};
		A923EDAF167A0D0800709A25 /* Frameworks */ = {
			isa = PBXGroup;
			children = (
				A923EDE0167A0E3100709A25 /* libFWTPieChart.a */,
				A923EDE2167A0E3B00709A25 /* QuartzCore.framework */,
				A923EDB0167A0D0800709A25 /* UIKit.framework */,
				A923EDB2167A0D0800709A25 /* Foundation.framework */,
				A923EDB4167A0D0800709A25 /* CoreGraphics.framework */,
			);
			name = Frameworks;
			sourceTree = "<group>";
		};
		A923EDB6167A0D0800709A25 /* FWTPieChart_Test */ = {
			isa = PBXGroup;
			children = (
				A923EDBF167A0D0800709A25 /* AppDelegate.h */,
				A923EDC0167A0D0800709A25 /* AppDelegate.m */,
				A923EDEA167A0EAD00709A25 /* SamplePickerViewController.h */,
				A923EDEB167A0EAD00709A25 /* SamplePickerViewController.m */,
				A923EDF3167A0EBB00709A25 /* EllipseProgress */,
				A923EDF4167A0EEC00709A25 /* PieChart */,
				A923EDB7167A0D0800709A25 /* Supporting Files */,
			);
			path = FWTPieChart_Test;
			sourceTree = "<group>";
		};
		A923EDB7167A0D0800709A25 /* Supporting Files */ = {
			isa = PBXGroup;
			children = (
				A923EDB8167A0D0800709A25 /* FWTPieChart_Test-Info.plist */,
				A923EDB9167A0D0800709A25 /* InfoPlist.strings */,
				A923EDBC167A0D0800709A25 /* main.m */,
				A923EDBE167A0D0800709A25 /* FWTPieChart_Test-Prefix.pch */,
				A923EDC2167A0D0800709A25 /* Default.png */,
				A923EDC4167A0D0800709A25 /* Default@2x.png */,
				A923EDC6167A0D0800709A25 /* Default-568h@2x.png */,
			);
			name = "Supporting Files";
			sourceTree = "<group>";
		};
		A923EDF3167A0EBB00709A25 /* EllipseProgress */ = {
			isa = PBXGroup;
			children = (
				A923EDEC167A0EAD00709A25 /* SingleViewController.h */,
				A923EDED167A0EAD00709A25 /* SingleViewController.m */,
				A923EDE8167A0EAD00709A25 /* ProgressViewController.h */,
				A923EDE9167A0EAD00709A25 /* ProgressViewController.m */,
				A923EDE4167A0EAD00709A25 /* Appearance.h */,
				A923EDE5167A0EAD00709A25 /* Appearance.m */,
			);
			name = EllipseProgress;
			sourceTree = "<group>";
		};
		A923EDF4167A0EEC00709A25 /* PieChart */ = {
			isa = PBXGroup;
			children = (
				A923EDE6167A0EAD00709A25 /* PieChartViewController.h */,
				A923EDE7167A0EAD00709A25 /* PieChartViewController.m */,
				A9527BFD167B521900C24AD7 /* CustomPieChartView.h */,
				A9527BFE167B521900C24AD7 /* CustomPieChartView.m */,
			);
			name = PieChart;
			sourceTree = "<group>";
		};
/* End PBXGroup section */

/* Begin PBXNativeTarget section */
		A923EDAB167A0D0800709A25 /* FWTPieChart_Test */ = {
			isa = PBXNativeTarget;
			buildConfigurationList = A923EDCA167A0D0800709A25 /* Build configuration list for PBXNativeTarget "FWTPieChart_Test" */;
			buildPhases = (
				A923EDA8167A0D0800709A25 /* Sources */,
				A923EDA9167A0D0800709A25 /* Frameworks */,
				A923EDAA167A0D0800709A25 /* Resources */,
			);
			buildRules = (
			);
			dependencies = (
			);
			name = FWTPieChart_Test;
			productName = FWTPieChart_Test;
			productReference = A923EDAC167A0D0800709A25 /* FWTPieChart_Test.app */;
			productType = "com.apple.product-type.application";
		};
/* End PBXNativeTarget section */

/* Begin PBXProject section */
		A923EDA3167A0D0800709A25 /* Project object */ = {
			isa = PBXProject;
			attributes = {
				LastUpgradeCheck = 0450;
				ORGANIZATIONNAME = "Marco Meschini";
			};
			buildConfigurationList = A923EDA6167A0D0800709A25 /* Build configuration list for PBXProject "FWTPieChart_Test" */;
			compatibilityVersion = "Xcode 3.2";
			developmentRegion = English;
			hasScannedForEncodings = 0;
			knownRegions = (
				en,
			);
			mainGroup = A923EDA1167A0D0800709A25;
			productRefGroup = A923EDAD167A0D0800709A25 /* Products */;
			projectDirPath = "";
			projectRoot = "";
			targets = (
				A923EDAB167A0D0800709A25 /* FWTPieChart_Test */,
			);
		};
/* End PBXProject section */

/* Begin PBXResourcesBuildPhase section */
		A923EDAA167A0D0800709A25 /* Resources */ = {
			isa = PBXResourcesBuildPhase;
			buildActionMask = 2147483647;
			files = (
				A923EDBB167A0D0800709A25 /* InfoPlist.strings in Resources */,
				A923EDC3167A0D0800709A25 /* Default.png in Resources */,
				A923EDC5167A0D0800709A25 /* Default@2x.png in Resources */,
				A923EDC7167A0D0800709A25 /* Default-568h@2x.png in Resources */,
			);
			runOnlyForDeploymentPostprocessing = 0;
		};
/* End PBXResourcesBuildPhase section */

/* Begin PBXSourcesBuildPhase section */
		A923EDA8167A0D0800709A25 /* Sources */ = {
			isa = PBXSourcesBuildPhase;
			buildActionMask = 2147483647;
			files = (
				A923EDBD167A0D0800709A25 /* main.m in Sources */,
				A923EDC1167A0D0800709A25 /* AppDelegate.m in Sources */,
				A923EDEE167A0EAD00709A25 /* Appearance.m in Sources */,
				A923EDEF167A0EAD00709A25 /* PieChartViewController.m in Sources */,
				A923EDF0167A0EAD00709A25 /* ProgressViewController.m in Sources */,
				A923EDF1167A0EAD00709A25 /* SamplePickerViewController.m in Sources */,
				A923EDF2167A0EAD00709A25 /* SingleViewController.m in Sources */,
				A9527BFF167B521900C24AD7 /* CustomPieChartView.m in Sources */,
			);
			runOnlyForDeploymentPostprocessing = 0;
		};
/* End PBXSourcesBuildPhase section */

/* Begin PBXVariantGroup section */
		A923EDB9167A0D0800709A25 /* InfoPlist.strings */ = {
			isa = PBXVariantGroup;
			children = (
				A923EDBA167A0D0800709A25 /* en */,
			);
			name = InfoPlist.strings;
			sourceTree = "<group>";
		};
/* End PBXVariantGroup section */

/* Begin XCBuildConfiguration section */
		A923EDC8167A0D0800709A25 /* Debug */ = {
			isa = XCBuildConfiguration;
			buildSettings = {
				ALWAYS_SEARCH_USER_PATHS = NO;
				CLANG_CXX_LANGUAGE_STANDARD = "gnu++0x";
				CLANG_CXX_LIBRARY = "libc++";
				CLANG_WARN_EMPTY_BODY = YES;
				CLANG_WARN__DUPLICATE_METHOD_MATCH = YES;
				"CODE_SIGN_IDENTITY[sdk=iphoneos*]" = "iPhone Developer";
				COPY_PHASE_STRIP = NO;
				GCC_C_LANGUAGE_STANDARD = gnu99;
				GCC_DYNAMIC_NO_PIC = NO;
				GCC_OPTIMIZATION_LEVEL = 0;
				GCC_PREPROCESSOR_DEFINITIONS = (
					"DEBUG=1",
					"$(inherited)",
				);
				GCC_SYMBOLS_PRIVATE_EXTERN = NO;
				GCC_WARN_ABOUT_RETURN_TYPE = YES;
				GCC_WARN_UNINITIALIZED_AUTOS = YES;
				GCC_WARN_UNUSED_VARIABLE = YES;
				HEADER_SEARCH_PATHS = ../FWTPieChart/FWTPieChart/;
				IPHONEOS_DEPLOYMENT_TARGET = 6.0;
				ONLY_ACTIVE_ARCH = YES;
				SDKROOT = iphoneos;
				TARGETED_DEVICE_FAMILY = "1,2";
			};
			name = Debug;
		};
		A923EDC9167A0D0800709A25 /* Release */ = {
			isa = XCBuildConfiguration;
			buildSettings = {
				ALWAYS_SEARCH_USER_PATHS = NO;
				CLANG_CXX_LANGUAGE_STANDARD = "gnu++0x";
				CLANG_CXX_LIBRARY = "libc++";
				CLANG_WARN_EMPTY_BODY = YES;
				CLANG_WARN__DUPLICATE_METHOD_MATCH = YES;
				"CODE_SIGN_IDENTITY[sdk=iphoneos*]" = "iPhone Developer";
				COPY_PHASE_STRIP = YES;
				GCC_C_LANGUAGE_STANDARD = gnu99;
				GCC_WARN_ABOUT_RETURN_TYPE = YES;
				GCC_WARN_UNINITIALIZED_AUTOS = YES;
				GCC_WARN_UNUSED_VARIABLE = YES;
				HEADER_SEARCH_PATHS = ../FWTPieChart/FWTPieChart/;
				IPHONEOS_DEPLOYMENT_TARGET = 6.0;
				OTHER_CFLAGS = "-DNS_BLOCK_ASSERTIONS=1";
				SDKROOT = iphoneos;
				TARGETED_DEVICE_FAMILY = "1,2";
				VALIDATE_PRODUCT = YES;
			};
			name = Release;
		};
		A923EDCB167A0D0800709A25 /* Debug */ = {
			isa = XCBuildConfiguration;
			buildSettings = {
				GCC_PRECOMPILE_PREFIX_HEADER = YES;
				GCC_PREFIX_HEADER = "FWTPieChart_Test/FWTPieChart_Test-Prefix.pch";
				INFOPLIST_FILE = "FWTPieChart_Test/FWTPieChart_Test-Info.plist";
				LIBRARY_SEARCH_PATHS = (
					"$(inherited)",
					"\"$(SRCROOT)/../../../Library/Developer/Xcode/DerivedData/FWTPieChart-adcqfnupsuedcjdozqcwudalsffq/Build/Products/Debug-iphoneos\"",
				);
				PRODUCT_NAME = "$(TARGET_NAME)";
				WRAPPER_EXTENSION = app;
			};
			name = Debug;
		};
		A923EDCC167A0D0800709A25 /* Release */ = {
			isa = XCBuildConfiguration;
			buildSettings = {
				GCC_PRECOMPILE_PREFIX_HEADER = YES;
				GCC_PREFIX_HEADER = "FWTPieChart_Test/FWTPieChart_Test-Prefix.pch";
				INFOPLIST_FILE = "FWTPieChart_Test/FWTPieChart_Test-Info.plist";
				LIBRARY_SEARCH_PATHS = (
					"$(inherited)",
					"\"$(SRCROOT)/../../../Library/Developer/Xcode/DerivedData/FWTPieChart-adcqfnupsuedcjdozqcwudalsffq/Build/Products/Debug-iphoneos\"",
				);
				PRODUCT_NAME = "$(TARGET_NAME)";
				WRAPPER_EXTENSION = app;
			};
			name = Release;
		};
/* End XCBuildConfiguration section */

/* Begin XCConfigurationList section */
		A923EDA6167A0D0800709A25 /* Build configuration list for PBXProject "FWTPieChart_Test" */ = {
			isa = XCConfigurationList;
			buildConfigurations = (
				A923EDC8167A0D0800709A25 /* Debug */,
				A923EDC9167A0D0800709A25 /* Release */,
			);
			defaultConfigurationIsVisible = 0;
			defaultConfigurationName = Release;
		};
		A923EDCA167A0D0800709A25 /* Build configuration list for PBXNativeTarget "FWTPieChart_Test" */ = {
			isa = XCConfigurationList;
			buildConfigurations = (
				A923EDCB167A0D0800709A25 /* Debug */,
				A923EDCC167A0D0800709A25 /* Release */,
			);
			defaultConfigurationIsVisible = 0;
			defaultConfigurationName = Release;
		};
/* End XCConfigurationList section */
	};
	rootObject = A923EDA3167A0D0800709A25 /* Project object */;
}
